
Microsoft Visual Studio Solution File, Format Version 12.00
# Visual Studio 2012
Project("{FAE04EC0-301F-11D3-BF4B-00C04F79EFBC}") = "Server", "Server\Server.csproj", "{99D64012-88DA-4955-8BC6-89E3FB9FDA9C}"
EndProject
Project("{FAE04EC0-301F-11D3-BF4B-00C04F79EFBC}") = "Client", "Client\Client.csproj", "{35CB76BC-0726-4763-9BF5-66841FD13DA2}"
EndProject
Global
	GlobalSection(SolutionConfigurationPlatforms) = preSolution
		Debug|Any CPU = Debug|Any CPU
		Release|Any CPU = Release|Any CPU
	EndGlobalSection
	GlobalSection(ProjectConfigurationPlatforms) = postSolution
		{99D64012-88DA-4955-8BC6-89E3FB9FDA9C}.Debug|Any CPU.ActiveCfg = Debug|Any CPU
		{99D64012-88DA-4955-8BC6-89E3FB9FDA9C}.Debug|Any CPU.Build.0 = Debug|Any CPU
		{99D64012-88DA-4955-8BC6-89E3FB9FDA9C}.Release|Any CPU.ActiveCfg = Release|Any CPU
		{99D64012-88DA-4955-8BC6-89E3FB9FDA9C}.Release|Any CPU.Build.0 = Release|Any CPU
		{35CB76BC-0726-4763-9BF5-66841FD13DA2}.Debug|Any CPU.ActiveCfg = Debug|Any CPU
		{35CB76BC-0726-4763-9BF5-66841FD13DA2}.Debug|Any CPU.Build.0 = Debug|Any CPU
		{35CB76BC-0726-4763-9BF5-66841FD13DA2}.Release|Any CPU.ActiveCfg = Release|Any CPU
		{35CB76BC-0726-4763-9BF5-66841FD13DA2}.Release|Any CPU.Build.0 = Release|Any CPU
	EndGlobalSection
	GlobalSection(SolutionProperties) = preSolution
		HideSolutionNode = FALSE
	EndGlobalSection
EndGlobal
